
Microsoft Visual Studio Solution File, Format Version 12.00
# Visual Studio Version 16
VisualStudioVersion = 16.0.32002.261
MinimumVisualStudioVersion = 10.0.40219.1
Project("{8BC9CEB8-8B4A-11D0-8D11-00A0C91BC942}") = "tryw6p1", "tryw6p1\tryw6p1.vcxproj", "{58A96959-442F-4C7E-AB29-CFA61A84419A}"
EndProject
Global
	GlobalSection(SolutionConfigurationPlatforms) = preSolution
		Debug|x64 = Debug|x64
		Debug|x86 = Debug|x86
		Release|x64 = Release|x64
		Release|x86 = Release|x86
	EndGlobalSection
	GlobalSection(ProjectConfigurationPlatforms) = postSolution
		{58A96959-442F-4C7E-AB29-CFA61A84419A}.Debug|x64.ActiveCfg = Debug|x64
		{58A96959-442F-4C7E-AB29-CFA61A84419A}.Debug|x64.Build.0 = Debug|x64
		{58A96959-442F-4C7E-AB29-CFA61A84419A}.Debug|x86.ActiveCfg = Debug|Win32
		{58A96959-442F-4C7E-AB29-CFA61A84419A}.Debug|x86.Build.0 = Debug|Win32
		{58A96959-442F-4C7E-AB29-CFA61A84419A}.Release|x64.ActiveCfg = Release|x64
		{58A96959-442F-4C7E-AB29-CFA61A84419A}.Release|x64.Build.0 = Release|x64
		{58A96959-442F-4C7E-AB29-CFA61A84419A}.Release|x86.ActiveCfg = Release|Win32
		{58A96959-442F-4C7E-AB29-CFA61A84419A}.Release|x86.Build.0 = Release|Win32
	EndGlobalSection
	GlobalSection(SolutionProperties) = preSolution
		HideSolutionNode = FALSE
	EndGlobalSection
	GlobalSection(ExtensibilityGlobals) = postSolution
		SolutionGuid = {8A0A4CB2-B2E7-4FA9-A3F9-F84F78F681C7}
	EndGlobalSection
EndGlobal
